{
  "name": "cloudfront-viewer-request",
  "version": "1.0.0",
  "lockfileVersion": 2,
  "requires": true,
  "packages": {
    "": {
      "version": "1.0.0",
      "license": "UNLICENSED",
      "devDependencies": {
        "@tsconfig/node12": "1.0.7",
        "@types/aws-lambda": "8.10.69",
        "@types/node": "14.14.20"
      }
    },
    "node_modules/@tsconfig/node12": {
      "version": "1.0.7",
      "resolved": "https://registry.npmjs.org/@tsconfig/node12/-/node12-1.0.7.tgz",
      "integrity": "sha512-dgasobK/Y0wVMswcipr3k0HpevxFJLijN03A8mYfEPvWvOs14v0ZlYTR4kIgMx8g4+fTyTFv8/jLCIfRqLDJ4A==",
      "dev": true
    },
    "node_modules/@types/aws-lambda": {
      "version": "8.10.69",
      "dev": true,
      "license": "MIT"
    },
    "node_modules/@types/node": {
      "version": "14.14.20",
      "dev": true,
      "license": "MIT"
    }
  },
  "dependencies": {
    "@tsconfig/node12": {
      "version": "1.0.7",
      "resolved": "https://registry.npmjs.org/@tsconfig/node12/-/node12-1.0.7.tgz",
      "integrity": "sha512-dgasobK/Y0wVMswcipr3k0HpevxFJLijN03A8mYfEPvWvOs14v0ZlYTR4kIgMx8g4+fTyTFv8/jLCIfRqLDJ4A==",
      "dev": true
    },
    "@types/aws-lambda": {
      "version": "8.10.69",
      "dev": true
    },
    "@types/node": {
      "version": "14.14.20",
      "dev": true
    }
  }
}
