{
  "name": "lwjgl.org-palette",
  "version": "1.0.0",
  "lockfileVersion": 2,
  "requires": true,
  "packages": {
    "": {
      "name": "lwjgl.org-palette",
      "version": "1.0.0",
      "license": "BSD-3-Clause",
      "dependencies": {
        "@radix-ui/colors": "0.1.8",
        "chroma-js": "2.4.2",
        "ciebase": "0.1.1",
        "ciecam02": "0.4.6",
        "hsluv": "0.1.0"
      }
    },
    "node_modules/@radix-ui/colors": {
      "version": "0.1.8",
      "resolved": "https://registry.npmjs.org/@radix-ui/colors/-/colors-0.1.8.tgz",
      "integrity": "sha512-jwRMXYwC0hUo0mv6wGpuw254Pd9p/R6Td5xsRpOmaWkUHlooNWqVcadgyzlRumMq3xfOTXwJReU0Jv+EIy4Jbw=="
    },
    "node_modules/chroma-js": {
      "version": "2.4.2",
      "resolved": "https://registry.npmjs.org/chroma-js/-/chroma-js-2.4.2.tgz",
      "integrity": "sha512-U9eDw6+wt7V8z5NncY2jJfZa+hUH8XEj8FQHgFJTrUFnJfXYf4Ml4adI2vXZOjqRDpFWtYVWypDfZwnJ+HIR4A=="
    },
    "node_modules/ciebase": {
      "version": "0.1.1",
      "resolved": "https://registry.npmjs.org/ciebase/-/ciebase-0.1.1.tgz",
      "integrity": "sha512-KEnf/WVT5E+Gn+LsfMHGJFATltSOeW0qm7dpzQYL/Qe5PEpyTM+UI5bMoBo16FE81zMpu+U6032USTP6Cz1XNA==",
      "dependencies": {
        "mout": "^0.11.1"
      }
    },
    "node_modules/ciecam02": {
      "version": "0.4.6",
      "resolved": "https://registry.npmjs.org/ciecam02/-/ciecam02-0.4.6.tgz",
      "integrity": "sha512-nh/Kl8s5lgtyEl7lA381JFinLhgUwDhJaAVgbVx2BaiiJIzJLumQvuFXwdS76tSch7jDjWejP+MtKYCCEk/brg==",
      "dependencies": {
        "ciebase": "^0.1.1",
        "mout": "^0.11.1"
      }
    },
    "node_modules/hsluv": {
      "version": "0.1.0",
      "resolved": "https://registry.npmjs.org/hsluv/-/hsluv-0.1.0.tgz",
      "integrity": "sha512-ERcanKLAszD2XN3Vh5r5Szkrv9q0oSTudmP0rkiKAGM/3NMc9FLmMZBB7TSqTaXJfSDBOreYTfjezCOYbRKqlw=="
    },
    "node_modules/mout": {
      "version": "1.2.3",
      "resolved": "https://registry.npmjs.org/mout/-/mout-1.2.3.tgz",
      "integrity": "sha512-vtE+eZcSj/sBkIp6gxB87MznryWP+gHIp0XX9SKrzA5TAkvz6y7VTuNruBjYdJozd8NY5i9XVIsn8cn3SwNjzg=="
    }
  },
  "dependencies": {
    "@radix-ui/colors": {
      "version": "0.1.8",
      "resolved": "https://registry.npmjs.org/@radix-ui/colors/-/colors-0.1.8.tgz",
      "integrity": "sha512-jwRMXYwC0hUo0mv6wGpuw254Pd9p/R6Td5xsRpOmaWkUHlooNWqVcadgyzlRumMq3xfOTXwJReU0Jv+EIy4Jbw=="
    },
    "chroma-js": {
      "version": "2.4.2",
      "resolved": "https://registry.npmjs.org/chroma-js/-/chroma-js-2.4.2.tgz",
      "integrity": "sha512-U9eDw6+wt7V8z5NncY2jJfZa+hUH8XEj8FQHgFJTrUFnJfXYf4Ml4adI2vXZOjqRDpFWtYVWypDfZwnJ+HIR4A=="
    },
    "ciebase": {
      "version": "0.1.1",
      "resolved": "https://registry.npmjs.org/ciebase/-/ciebase-0.1.1.tgz",
      "integrity": "sha512-KEnf/WVT5E+Gn+LsfMHGJFATltSOeW0qm7dpzQYL/Qe5PEpyTM+UI5bMoBo16FE81zMpu+U6032USTP6Cz1XNA==",
      "requires": {
        "mout": "1.2.3"
      }
    },
    "ciecam02": {
      "version": "0.4.6",
      "resolved": "https://registry.npmjs.org/ciecam02/-/ciecam02-0.4.6.tgz",
      "integrity": "sha512-nh/Kl8s5lgtyEl7lA381JFinLhgUwDhJaAVgbVx2BaiiJIzJLumQvuFXwdS76tSch7jDjWejP+MtKYCCEk/brg==",
      "requires": {
        "ciebase": "^0.1.1",
        "mout": "1.2.3"
      }
    },
    "hsluv": {
      "version": "0.1.0",
      "resolved": "https://registry.npmjs.org/hsluv/-/hsluv-0.1.0.tgz",
      "integrity": "sha512-ERcanKLAszD2XN3Vh5r5Szkrv9q0oSTudmP0rkiKAGM/3NMc9FLmMZBB7TSqTaXJfSDBOreYTfjezCOYbRKqlw=="
    },
    "mout": {
      "version": "1.2.3",
      "resolved": "https://registry.npmjs.org/mout/-/mout-1.2.3.tgz",
      "integrity": "sha512-vtE+eZcSj/sBkIp6gxB87MznryWP+gHIp0XX9SKrzA5TAkvz6y7VTuNruBjYdJozd8NY5i9XVIsn8cn3SwNjzg=="
    }
  }
}
