{
  "name": "lwjgl.org-palette",
  "version": "1.0.0",
  "lockfileVersion": 3,
  "requires": true,
  "packages": {
    "": {
      "name": "lwjgl.org-palette",
      "version": "1.0.0",
      "license": "BSD-3-Clause",
      "dependencies": {
        "@radix-ui/colors": "0.1.8",
        "chroma-js": "2.4.2",
        "ciebase": "0.1.1",
        "ciecam02": "0.4.6",
        "hsluv": "1.0.0"
      }
    },
    "node_modules/@radix-ui/colors": {
      "version": "0.1.8",
      "resolved": "https://registry.npmjs.org/@radix-ui/colors/-/colors-0.1.8.tgz",
      "integrity": "sha512-jwRMXYwC0hUo0mv6wGpuw254Pd9p/R6Td5xsRpOmaWkUHlooNWqVcadgyzlRumMq3xfOTXwJReU0Jv+EIy4Jbw=="
    },
    "node_modules/chroma-js": {
      "version": "2.4.2",
      "resolved": "https://registry.npmjs.org/chroma-js/-/chroma-js-2.4.2.tgz",
      "integrity": "sha512-U9eDw6+wt7V8z5NncY2jJfZa+hUH8XEj8FQHgFJTrUFnJfXYf4Ml4adI2vXZOjqRDpFWtYVWypDfZwnJ+HIR4A=="
    },
    "node_modules/ciebase": {
      "version": "0.1.1",
      "resolved": "https://registry.npmjs.org/ciebase/-/ciebase-0.1.1.tgz",
      "integrity": "sha512-KEnf/WVT5E+Gn+LsfMHGJFATltSOeW0qm7dpzQYL/Qe5PEpyTM+UI5bMoBo16FE81zMpu+U6032USTP6Cz1XNA==",
      "dependencies": {
        "mout": "^0.11.1"
      }
    },
    "node_modules/ciecam02": {
      "version": "0.4.6",
      "resolved": "https://registry.npmjs.org/ciecam02/-/ciecam02-0.4.6.tgz",
      "integrity": "sha512-nh/Kl8s5lgtyEl7lA381JFinLhgUwDhJaAVgbVx2BaiiJIzJLumQvuFXwdS76tSch7jDjWejP+MtKYCCEk/brg==",
      "dependencies": {
        "ciebase": "^0.1.1",
        "mout": "^0.11.1"
      }
    },
    "node_modules/hsluv": {
      "version": "1.0.0",
      "resolved": "https://registry.npmjs.org/hsluv/-/hsluv-1.0.0.tgz",
      "integrity": "sha512-RqZkmiAbUnQ5JkjDFB81iaAC62fkL7BtQultslKzb7Sqs6wzPljY0YPDEhA9pdsVdGQ6ksfMBp9rJB9JyRlQFQ=="
    },
    "node_modules/mout": {
      "version": "1.2.4",
      "resolved": "https://registry.npmjs.org/mout/-/mout-1.2.4.tgz",
      "integrity": "sha512-mZb9uOruMWgn/fw28DG4/yE3Kehfk1zKCLhuDU2O3vlKdnBBr4XaOCqVTflJ5aODavGUPqFHZgrFX3NJVuxGhQ=="
    }
  }
}
